
Microsoft Visual Studio Solution File, Format Version 12.00
# Visual Studio 15
VisualStudioVersion = 15.0.28307.645
MinimumVisualStudioVersion = 10.0.40219.1
Project("{FAE04EC0-301F-11D3-BF4B-00C04F79EFBC}") = "Chat", "Chat\Chat.csproj", "{4A971B7D-C2E4-4F4D-8D25-EFB75B76F245}"
EndProject
Global
	GlobalSection(SolutionConfigurationPlatforms) = preSolution
		Debug|Any CPU = Debug|Any CPU
		Release|Any CPU = Release|Any CPU
	EndGlobalSection
	GlobalSection(ProjectConfigurationPlatforms) = postSolution
		{4A971B7D-C2E4-4F4D-8D25-EFB75B76F245}.Debug|Any CPU.ActiveCfg = Debug|Any CPU
		{4A971B7D-C2E4-4F4D-8D25-EFB75B76F245}.Debug|Any CPU.Build.0 = Debug|Any CPU
		{4A971B7D-C2E4-4F4D-8D25-EFB75B76F245}.Release|Any CPU.ActiveCfg = Release|Any CPU
		{4A971B7D-C2E4-4F4D-8D25-EFB75B76F245}.Release|Any CPU.Build.0 = Release|Any CPU
	EndGlobalSection
	GlobalSection(SolutionProperties) = preSolution
		HideSolutionNode = FALSE
	EndGlobalSection
	GlobalSection(ExtensibilityGlobals) = postSolution
		SolutionGuid = {065B1C6E-9134-4C16-AC50-1C0EADAD75F1}
	EndGlobalSection
EndGlobal
